
Microsoft Visual Studio Solution File, Format Version 12.00
# Visual Studio Version 17
VisualStudioVersion = 17.0.32112.339
MinimumVisualStudioVersion = 10.0.40219.1
Project("{FAE04EC0-301F-11D3-BF4B-00C04F79EFBC}") = "API.RegisterScreen", "register-screen-back\API.RegisterScreen.csproj", "{FFEAAE42-4101-45BD-8CC2-0E9BE6510C45}"
EndProject
Project("{FAE04EC0-301F-11D3-BF4B-00C04F79EFBC}") = "API.RegisterScreen.Business", "API.RegisterScreen.Business\API.RegisterScreen.Business.csproj", "{A9F69BCB-485A-4729-AC07-94F96257CAFA}"
EndProject
Project("{FAE04EC0-301F-11D3-BF4B-00C04F79EFBC}") = "API.RegisterScreen.Frontier", "API.RegisterScreen.Frontier\API.RegisterScreen.Frontier.csproj", "{C1776737-8B3A-4FC9-B5F1-8BC08DFD6716}"
EndProject
Project("{FAE04EC0-301F-11D3-BF4B-00C04F79EFBC}") = "API.RegisterScreen.Repository", "API.RegisterScreen.Repository\API.RegisterScreen.Repository.csproj", "{2C3DB20C-37D0-4F49-BEDB-B324765A2764}"
EndProject
Project("{FAE04EC0-301F-11D3-BF4B-00C04F79EFBC}") = "API.RegisterScreen.Map", "API.RegisterScreen.Map\API.RegisterScreen.Map.csproj", "{4BB191DA-4712-4089-8D89-DACC8CFED225}"
EndProject
Global
	GlobalSection(SolutionConfigurationPlatforms) = preSolution
		Debug|Any CPU = Debug|Any CPU
		Release|Any CPU = Release|Any CPU
	EndGlobalSection
	GlobalSection(ProjectConfigurationPlatforms) = postSolution
		{FFEAAE42-4101-45BD-8CC2-0E9BE6510C45}.Debug|Any CPU.ActiveCfg = Debug|Any CPU
		{FFEAAE42-4101-45BD-8CC2-0E9BE6510C45}.Debug|Any CPU.Build.0 = Debug|Any CPU
		{FFEAAE42-4101-45BD-8CC2-0E9BE6510C45}.Release|Any CPU.ActiveCfg = Release|Any CPU
		{FFEAAE42-4101-45BD-8CC2-0E9BE6510C45}.Release|Any CPU.Build.0 = Release|Any CPU
		{A9F69BCB-485A-4729-AC07-94F96257CAFA}.Debug|Any CPU.ActiveCfg = Debug|Any CPU
		{A9F69BCB-485A-4729-AC07-94F96257CAFA}.Debug|Any CPU.Build.0 = Debug|Any CPU
		{A9F69BCB-485A-4729-AC07-94F96257CAFA}.Release|Any CPU.ActiveCfg = Release|Any CPU
		{A9F69BCB-485A-4729-AC07-94F96257CAFA}.Release|Any CPU.Build.0 = Release|Any CPU
		{C1776737-8B3A-4FC9-B5F1-8BC08DFD6716}.Debug|Any CPU.ActiveCfg = Debug|Any CPU
		{C1776737-8B3A-4FC9-B5F1-8BC08DFD6716}.Debug|Any CPU.Build.0 = Debug|Any CPU
		{C1776737-8B3A-4FC9-B5F1-8BC08DFD6716}.Release|Any CPU.ActiveCfg = Release|Any CPU
		{C1776737-8B3A-4FC9-B5F1-8BC08DFD6716}.Release|Any CPU.Build.0 = Release|Any CPU
		{2C3DB20C-37D0-4F49-BEDB-B324765A2764}.Debug|Any CPU.ActiveCfg = Debug|Any CPU
		{2C3DB20C-37D0-4F49-BEDB-B324765A2764}.Debug|Any CPU.Build.0 = Debug|Any CPU
		{2C3DB20C-37D0-4F49-BEDB-B324765A2764}.Release|Any CPU.ActiveCfg = Release|Any CPU
		{2C3DB20C-37D0-4F49-BEDB-B324765A2764}.Release|Any CPU.Build.0 = Release|Any CPU
		{4BB191DA-4712-4089-8D89-DACC8CFED225}.Debug|Any CPU.ActiveCfg = Debug|Any CPU
		{4BB191DA-4712-4089-8D89-DACC8CFED225}.Debug|Any CPU.Build.0 = Debug|Any CPU
		{4BB191DA-4712-4089-8D89-DACC8CFED225}.Release|Any CPU.ActiveCfg = Release|Any CPU
		{4BB191DA-4712-4089-8D89-DACC8CFED225}.Release|Any CPU.Build.0 = Release|Any CPU
	EndGlobalSection
	GlobalSection(SolutionProperties) = preSolution
		HideSolutionNode = FALSE
	EndGlobalSection
	GlobalSection(ExtensibilityGlobals) = postSolution
		SolutionGuid = {3AF128FC-AA16-4DCD-B0DA-84B376EF58D6}
	EndGlobalSection
EndGlobal
